// !$*UTF8*$!
{
	archiveVersion = 1;
	classes = {
	};
	objectVersion = 77;
	objects = {

/* Begin PBXContainerItemProxy section */
		27BABDC92ECE3129000CA211 /* PBXContainerItemProxy */ = {
			isa = PBXContainerItemProxy;
			containerPortal = 27BABDAC2ECE311E000CA211 /* Project object */;
			proxyType = 1;
			remoteGlobalIDString = 27BABDB32ECE311E000CA211;
			remoteInfo = MediaWatch;
		};
		27BABDD32ECE3129000CA211 /* PBXContainerItemProxy */ = {
			isa = PBXContainerItemProxy;
			containerPortal = 27BABDAC2ECE311E000CA211 /* Project object */;
			proxyType = 1;
			remoteGlobalIDString = 27BABDB32ECE311E000CA211;
			remoteInfo = MediaWatch;
		};
/* End PBXContainerItemProxy section */

/* Begin PBXFileReference section */
		27BABDB42ECE311E000CA211 /* MediaShows.app */ = {isa = PBXFileReference; explicitFileType = wrapper.application; includeInIndex = 0; path = MediaShows.app; sourceTree = BUILT_PRODUCTS_DIR; };
		27BABDC82ECE3129000CA211 /* MediaWatchTests.xctest */ = {isa = PBXFileReference; explicitFileType = wrapper.cfbundle; includeInIndex = 0; path = MediaWatchTests.xctest; sourceTree = BUILT_PRODUCTS_DIR; };
		27BABDD22ECE3129000CA211 /* MediaWatchUITests.xctest */ = {isa = PBXFileReference; explicitFileType = wrapper.cfbundle; includeInIndex = 0; path = MediaWatchUITests.xctest; sourceTree = BUILT_PRODUCTS_DIR; };
/* End PBXFileReference section */

/* Begin PBXFileSystemSynchronizedBuildFileExceptionSet section */
		27BABDDA2ECE3129000CA211 /* Exceptions for "MediaWatch" folder in "MediaWatch" target */ = {
			isa = PBXFileSystemSynchronizedBuildFileExceptionSet;
			membershipExceptions = (
				Info.plist,
			);
			target = 27BABDB32ECE311E000CA211 /* MediaWatch */;
		};
/* End PBXFileSystemSynchronizedBuildFileExceptionSet section */

/* Begin PBXFileSystemSynchronizedRootGroup section */
		27BABDB62ECE311E000CA211 /* MediaWatch */ = {
			isa = PBXFileSystemSynchronizedRootGroup;
			exceptions = (
				27BABDDA2ECE3129000CA211 /* Exceptions for "MediaWatch" folder in "MediaWatch" target */,
			);
			path = MediaWatch;
			sourceTree = "<group>";
		};
		27BABDCB2ECE3129000CA211 /* MediaWatchTests */ = {
			isa = PBXFileSystemSynchronizedRootGroup;
			path = MediaWatchTests;
			sourceTree = "<group>";
		};
		27BABDD52ECE3129000CA211 /* MediaWatchUITests */ = {
			isa = PBXFileSystemSynchronizedRootGroup;
			path = MediaWatchUITests;
			sourceTree = "<group>";
		};
/* End PBXFileSystemSynchronizedRootGroup section */

/* Begin PBXFrameworksBuildPhase section */
		27BABDB12ECE311E000CA211 /* Frameworks */ = {
			isa = PBXFrameworksBuildPhase;
			buildActionMask = 2147483647;
			files = (
			);
			runOnlyForDeploymentPostprocessing = 0;
		};
		27BABDC52ECE3129000CA211 /* Frameworks */ = {
			isa = PBXFrameworksBuildPhase;
			buildActionMask = 2147483647;
			files = (
			);
			runOnlyForDeploymentPostprocessing = 0;
		};
		27BABDCF2ECE3129000CA211 /* Frameworks */ = {
			isa = PBXFrameworksBuildPhase;
			buildActionMask = 2147483647;
			files = (
			);
			runOnlyForDeploymentPostprocessing = 0;
		};
/* End PBXFrameworksBuildPhase section */

/* Begin PBXGroup section */
		27BABDAB2ECE311E000CA211 = {
			isa = PBXGroup;
			children = (
				27BABDB62ECE311E000CA211 /* MediaWatch */,
				27BABDCB2ECE3129000CA211 /* MediaWatchTests */,
				27BABDD52ECE3129000CA211 /* MediaWatchUITests */,
				27BABDB52ECE311E000CA211 /* Products */,
			);
			sourceTree = "<group>";
		};
		27BABDB52ECE311E000CA211 /* Products */ = {
			isa = PBXGroup;
			children = (
				27BABDB42ECE311E000CA211 /* MediaShows.app */,
				27BABDC82ECE3129000CA211 /* MediaWatchTests.xctest */,
				27BABDD22ECE3129000CA211 /* MediaWatchUITests.xctest */,
			);
			name = Products;
			sourceTree = "<group>";
		};
/* End PBXGroup section */

/* Begin PBXNativeTarget section */
		27BABDB32ECE311E000CA211 /* MediaWatch */ = {
			isa = PBXNativeTarget;
			buildConfigurationList = 27BABDDB2ECE3129000CA211 /* Build configuration list for PBXNativeTarget "MediaWatch" */;
			buildPhases = (
				27BABDB02ECE311E000CA211 /* Sources */,
				27BABDB12ECE311E000CA211 /* Frameworks */,
				27BABDB22ECE311E000CA211 /* Resources */,
			);
			buildRules = (
			);
			dependencies = (
			);
			fileSystemSynchronizedGroups = (
				27BABDB62ECE311E000CA211 /* MediaWatch */,
			);
			name = MediaWatch;
			packageProductDependencies = (
			);
			productName = MediaWatch;
			productReference = 27BABDB42ECE311E000CA211 /* MediaShows.app */;
			productType = "com.apple.product-type.application";
		};
		27BABDC72ECE3129000CA211 /* MediaWatchTests */ = {
			isa = PBXNativeTarget;
			buildConfigurationList = 27BABDE02ECE3129000CA211 /* Build configuration list for PBXNativeTarget "MediaWatchTests" */;
			buildPhases = (
				27BABDC42ECE3129000CA211 /* Sources */,
				27BABDC52ECE3129000CA211 /* Frameworks */,
				27BABDC62ECE3129000CA211 /* Resources */,
			);
			buildRules = (
			);
			dependencies = (
				27BABDCA2ECE3129000CA211 /* PBXTargetDependency */,
			);
			fileSystemSynchronizedGroups = (
				27BABDCB2ECE3129000CA211 /* MediaWatchTests */,
			);
			name = MediaWatchTests;
			packageProductDependencies = (
			);
			productName = MediaWatchTests;
			productReference = 27BABDC82ECE3129000CA211 /* MediaWatchTests.xctest */;
			productType = "com.apple.product-type.bundle.unit-test";
		};
		27BABDD12ECE3129000CA211 /* MediaWatchUITests */ = {
			isa = PBXNativeTarget;
			buildConfigurationList = 27BABDE32ECE3129000CA211 /* Build configuration list for PBXNativeTarget "MediaWatchUITests" */;
			buildPhases = (
				27BABDCE2ECE3129000CA211 /* Sources */,
				27BABDCF2ECE3129000CA211 /* Frameworks */,
				27BABDD02ECE3129000CA211 /* Resources */,
			);
			buildRules = (
			);
			dependencies = (
				27BABDD42ECE3129000CA211 /* PBXTargetDependency */,
			);
			fileSystemSynchronizedGroups = (
				27BABDD52ECE3129000CA211 /* MediaWatchUITests */,
			);
			name = MediaWatchUITests;
			packageProductDependencies = (
			);
			productName = MediaWatchUITests;
			productReference = 27BABDD22ECE3129000CA211 /* MediaWatchUITests.xctest */;
			productType = "com.apple.product-type.bundle.ui-testing";
		};
/* End PBXNativeTarget section */

/* Begin PBXProject section */
		27BABDAC2ECE311E000CA211 /* Project object */ = {
			isa = PBXProject;
			attributes = {
				BuildIndependentTargetsInParallel = 1;
				LastSwiftUpdateCheck = 1640;
				LastUpgradeCheck = 1640;
				TargetAttributes = {
					27BABDB32ECE311E000CA211 = {
						CreatedOnToolsVersion = 16.4;
					};
					27BABDC72ECE3129000CA211 = {
						CreatedOnToolsVersion = 16.4;
						TestTargetID = 27BABDB32ECE311E000CA211;
					};
					27BABDD12ECE3129000CA211 = {
						CreatedOnToolsVersion = 16.4;
						TestTargetID = 27BABDB32ECE311E000CA211;
					};
				};
			};
			buildConfigurationList = 27BABDAF2ECE311E000CA211 /* Build configuration list for PBXProject "MediaWatch" */;
			developmentRegion = en;
			hasScannedForEncodings = 0;
			knownRegions = (
				en,
				Base,
			);
			mainGroup = 27BABDAB2ECE311E000CA211;
			minimizedProjectReferenceProxies = 1;
			preferredProjectObjectVersion = 77;
			productRefGroup = 27BABDB52ECE311E000CA211 /* Products */;
			projectDirPath = "";
			projectRoot = "";
			targets = (
				27BABDB32ECE311E000CA211 /* MediaWatch */,
				27BABDC72ECE3129000CA211 /* MediaWatchTests */,
				27BABDD12ECE3129000CA211 /* MediaWatchUITests */,
			);
		};
/* End PBXProject section */

/* Begin PBXResourcesBuildPhase section */
		27BABDB22ECE311E000CA211 /* Resources */ = {
			isa = PBXResourcesBuildPhase;
			buildActionMask = 2147483647;
			files = (
			);
			runOnlyForDeploymentPostprocessing = 0;
		};
		27BABDC62ECE3129000CA211 /* Resources */ = {
			isa = PBXResourcesBuildPhase;
			buildActionMask = 2147483647;
			files = (
			);
			runOnlyForDeploymentPostprocessing = 0;
		};
		27BABDD02ECE3129000CA211 /* Resources */ = {
			isa = PBXResourcesBuildPhase;
			buildActionMask = 2147483647;
			files = (
			);
			runOnlyForDeploymentPostprocessing = 0;
		};
/* End PBXResourcesBuildPhase section */

/* Begin PBXSourcesBuildPhase section */
		27BABDB02ECE311E000CA211 /* Sources */ = {
			isa = PBXSourcesBuildPhase;
			buildActionMask = 2147483647;
			files = (
			);
			runOnlyForDeploymentPostprocessing = 0;
		};
		27BABDC42ECE3129000CA211 /* Sources */ = {
			isa = PBXSourcesBuildPhase;
			buildActionMask = 2147483647;
			files = (
			);
			runOnlyForDeploymentPostprocessing = 0;
		};
		27BABDCE2ECE3129000CA211 /* Sources */ = {
			isa = PBXSourcesBuildPhase;
			buildActionMask = 2147483647;
			files = (
			);
			runOnlyForDeploymentPostprocessing = 0;
		};
/* End PBXSourcesBuildPhase section */

/* Begin PBXTargetDependency section */
		27BABDCA2ECE3129000CA211 /* PBXTargetDependency */ = {
			isa = PBXTargetDependency;
			target = 27BABDB32ECE311E000CA211 /* MediaWatch */;
			targetProxy = 27BABDC92ECE3129000CA211 /* PBXContainerItemProxy */;
		};
		27BABDD42ECE3129000CA211 /* PBXTargetDependency */ = {
			isa = PBXTargetDependency;
			target = 27BABDB32ECE311E000CA211 /* MediaWatch */;
			targetProxy = 27BABDD32ECE3129000CA211 /* PBXContainerItemProxy */;
		};
/* End PBXTargetDependency section */

/* Begin XCBuildConfiguration section */
		27BABDDC2ECE3129000CA211 /* Debug */ = {
			isa = XCBuildConfiguration;
			buildSettings = {
				ASSETCATALOG_COMPILER_APPICON_NAME = AppIcon;
				ASSETCATALOG_COMPILER_GLOBAL_ACCENT_COLOR_NAME = AccentColor;
				CODE_SIGN_ENTITLEMENTS = MediaWatch/MediaWatch.entitlements;
				CODE_SIGN_STYLE = Automatic;
				CURRENT_PROJECT_VERSION = 2;
				DEVELOPMENT_TEAM = HH237576AZ;
				ENABLE_PREVIEWS = YES;
				GENERATE_INFOPLIST_FILE = YES;
				INFOPLIST_FILE = MediaWatch/Info.plist;
				INFOPLIST_KEY_CFBundleDisplayName = MediaShows;
				INFOPLIST_KEY_LSApplicationCategoryType = "public.app-category.entertainment";
				INFOPLIST_KEY_UIApplicationSceneManifest_Generation = YES;
				INFOPLIST_KEY_UIApplicationSupportsIndirectInputEvents = YES;
				INFOPLIST_KEY_UILaunchScreen_Generation = YES;
				INFOPLIST_KEY_UISupportedInterfaceOrientations_iPad = "UIInterfaceOrientationPortrait UIInterfaceOrientationPortraitUpsideDown UIInterfaceOrientationLandscapeLeft UIInterfaceOrientationLandscapeRight";
				INFOPLIST_KEY_UISupportedInterfaceOrientations_iPhone = "UIInterfaceOrientationPortrait UIInterfaceOrientationLandscapeLeft UIInterfaceOrientationLandscapeRight";
				LD_RUNPATH_SEARCH_PATHS = (
					"$(inherited)",
					"@executable_path/Frameworks",
				);
				MARKETING_VERSION = 1.01;
				PRODUCT_BUNDLE_IDENTIFIER = reasonality.MediaShows;
				PRODUCT_NAME = "$(TARGET_NAME)";
				SWIFT_EMIT_LOC_STRINGS = YES;
				SWIFT_VERSION = 5.0;
				TARGETED_DEVICE_FAMILY = "1,2";
			};
			name = Debug;
		};
		27BABDDD2ECE3129000CA211 /* Release */ = {
			isa = XCBuildConfiguration;
			buildSettings = {
				ASSETCATALOG_COMPILER_APPICON_NAME = AppIcon;
				ASSETCATALOG_COMPILER_GLOBAL_ACCENT_COLOR_NAME = AccentColor;
				CODE_SIGN_ENTITLEMENTS = MediaWatch/MediaWatch.entitlements;
				CODE_SIGN_STYLE = Automatic;
				CURRENT_PROJECT_VERSION = 2;
				DEVELOPMENT_TEAM = HH237576AZ;
				ENABLE_PREVIEWS = YES;
				GENERATE_INFOPLIST_FILE = YES;
				INFOPLIST_FILE = MediaWatch/Info.plist;
				INFOPLIST_KEY_CFBundleDisplayName = MediaShows;
				INFOPLIST_KEY_LSApplicationCategoryType = "public.app-category.entertainment";
				INFOPLIST_KEY_UIApplicationSceneManifest_Generation = YES;
				INFOPLIST_KEY_UIApplicationSupportsIndirectInputEvents = YES;
				INFOPLIST_KEY_UILaunchScreen_Generation = YES;
				INFOPLIST_KEY_UISupportedInterfaceOrientations_iPad = "UIInterfaceOrientationPortrait UIInterfaceOrientationPortraitUpsideDown UIInterfaceOrientationLandscapeLeft UIInterfaceOrientationLandscapeRight";
				INFOPLIST_KEY_UISupportedInterfaceOrientations_iPhone = "UIInterfaceOrientationPortrait UIInterfaceOrientationLandscapeLeft UIInterfaceOrientationLandscapeRight";
				LD_RUNPATH_SEARCH_PATHS = (
					"$(inherited)",
					"@executable_path/Frameworks",
				);
				MARKETING_VERSION = 1.01;
				PRODUCT_BUNDLE_IDENTIFIER = reasonality.MediaShows;
				PRODUCT_NAME = "$(TARGET_NAME)";
				SWIFT_EMIT_LOC_STRINGS = YES;
				SWIFT_VERSION = 5.0;
				TARGETED_DEVICE_FAMILY = "1,2";
			};
			name = Release;
		};
		27BABDDE2ECE3129000CA211 /* Debug */ = {
			isa = XCBuildConfiguration;
			buildSettings = {
				ALWAYS_SEARCH_USER_PATHS = NO;
				ASSETCATALOG_COMPILER_GENERATE_SWIFT_ASSET_SYMBOL_EXTENSIONS = YES;
				CLANG_ANALYZER_NONNULL = YES;
				CLANG_ANALYZER_NUMBER_OBJECT_CONVERSION = YES_AGGRESSIVE;
				CLANG_CXX_LANGUAGE_STANDARD = "gnu++20";
				CLANG_ENABLE_MODULES = YES;
				CLANG_ENABLE_OBJC_ARC = YES;
				CLANG_ENABLE_OBJC_WEAK = YES;
				CLANG_WARN_BLOCK_CAPTURE_AUTORELEASING = YES;
				CLANG_WARN_BOOL_CONVERSION = YES;
				CLANG_WARN_COMMA = YES;
				CLANG_WARN_CONSTANT_CONVERSION = YES;
				CLANG_WARN_DEPRECATED_OBJC_IMPLEMENTATIONS = YES;
				CLANG_WARN_DIRECT_OBJC_ISA_USAGE = YES_ERROR;
				CLANG_WARN_DOCUMENTATION_COMMENTS = YES;
				CLANG_WARN_EMPTY_BODY = YES;
				CLANG_WARN_ENUM_CONVERSION = YES;
				CLANG_WARN_INFINITE_RECURSION = YES;
				CLANG_WARN_INT_CONVERSION = YES;
				CLANG_WARN_NON_LITERAL_NULL_CONVERSION = YES;
				CLANG_WARN_OBJC_IMPLICIT_RETAIN_SELF = YES;
				CLANG_WARN_OBJC_LITERAL_CONVERSION = YES;
				CLANG_WARN_OBJC_ROOT_CLASS = YES_ERROR;
				CLANG_WARN_QUOTED_INCLUDE_IN_FRAMEWORK_HEADER = YES;
				CLANG_WARN_RANGE_LOOP_ANALYSIS = YES;
				CLANG_WARN_STRICT_PROTOTYPES = YES;
				CLANG_WARN_SUSPICIOUS_MOVE = YES;
				CLANG_WARN_UNGUARDED_AVAILABILITY = YES_AGGRESSIVE;
				CLANG_WARN_UNREACHABLE_CODE = YES;
				CLANG_WARN__DUPLICATE_METHOD_MATCH = YES;
				COPY_PHASE_STRIP = NO;
				DEBUG_INFORMATION_FORMAT = dwarf;
				DEVELOPMENT_TEAM = HH237576AZ;
				ENABLE_STRICT_OBJC_MSGSEND = YES;
				ENABLE_TESTABILITY = YES;
				ENABLE_USER_SCRIPT_SANDBOXING = YES;
				GCC_C_LANGUAGE_STANDARD = gnu17;
				GCC_DYNAMIC_NO_PIC = NO;
				GCC_NO_COMMON_BLOCKS = YES;
				GCC_OPTIMIZATION_LEVEL = 0;
				GCC_PREPROCESSOR_DEFINITIONS = (
					"DEBUG=1",
					"$(inherited)",
				);
				GCC_WARN_64_TO_32_BIT_CONVERSION = YES;
				GCC_WARN_ABOUT_RETURN_TYPE = YES_ERROR;
				GCC_WARN_UNDECLARED_SELECTOR = YES;
				GCC_WARN_UNINITIALIZED_AUTOS = YES_AGGRESSIVE;
				GCC_WARN_UNUSED_FUNCTION = YES;
				GCC_WARN_UNUSED_VARIABLE = YES;
				IPHONEOS_DEPLOYMENT_TARGET = 18.5;
				LOCALIZATION_PREFERS_STRING_CATALOGS = YES;
				MTL_ENABLE_DEBUG_INFO = INCLUDE_SOURCE;
				MTL_FAST_MATH = YES;
				ONLY_ACTIVE_ARCH = YES;
				SDKROOT = iphoneos;
				SWIFT_ACTIVE_COMPILATION_CONDITIONS = "DEBUG $(inherited)";
				SWIFT_OPTIMIZATION_LEVEL = "-Onone";
			};
			name = Debug;
		};
		27BABDDF2ECE3129000CA211 /* Release */ = {
			isa = XCBuildConfiguration;
			buildSettings = {
				ALWAYS_SEARCH_USER_PATHS = NO;
				ASSETCATALOG_COMPILER_GENERATE_SWIFT_ASSET_SYMBOL_EXTENSIONS = YES;
				CLANG_ANALYZER_NONNULL = YES;
				CLANG_ANALYZER_NUMBER_OBJECT_CONVERSION = YES_AGGRESSIVE;
				CLANG_CXX_LANGUAGE_STANDARD = "gnu++20";
				CLANG_ENABLE_MODULES = YES;
				CLANG_ENABLE_OBJC_ARC = YES;
				CLANG_ENABLE_OBJC_WEAK = YES;
				CLANG_WARN_BLOCK_CAPTURE_AUTORELEASING = YES;
				CLANG_WARN_BOOL_CONVERSION = YES;
				CLANG_WARN_COMMA = YES;
				CLANG_WARN_CONSTANT_CONVERSION = YES;
				CLANG_WARN_DEPRECATED_OBJC_IMPLEMENTATIONS = YES;
				CLANG_WARN_DIRECT_OBJC_ISA_USAGE = YES_ERROR;
				CLANG_WARN_DOCUMENTATION_COMMENTS = YES;
				CLANG_WARN_EMPTY_BODY = YES;
				CLANG_WARN_ENUM_CONVERSION = YES;
				CLANG_WARN_INFINITE_RECURSION = YES;
				CLANG_WARN_INT_CONVERSION = YES;
				CLANG_WARN_NON_LITERAL_NULL_CONVERSION = YES;
				CLANG_WARN_OBJC_IMPLICIT_RETAIN_SELF = YES;
				CLANG_WARN_OBJC_LITERAL_CONVERSION = YES;
				CLANG_WARN_OBJC_ROOT_CLASS = YES_ERROR;
				CLANG_WARN_QUOTED_INCLUDE_IN_FRAMEWORK_HEADER = YES;
				CLANG_WARN_RANGE_LOOP_ANALYSIS = YES;
				CLANG_WARN_STRICT_PROTOTYPES = YES;
				CLANG_WARN_SUSPICIOUS_MOVE = YES;
				CLANG_WARN_UNGUARDED_AVAILABILITY = YES_AGGRESSIVE;
				CLANG_WARN_UNREACHABLE_CODE = YES;
				CLANG_WARN__DUPLICATE_METHOD_MATCH = YES;
				COPY_PHASE_STRIP = NO;
				DEBUG_INFORMATION_FORMAT = "dwarf-with-dsym";
				DEVELOPMENT_TEAM = HH237576AZ;
				ENABLE_NS_ASSERTIONS = NO;
				ENABLE_STRICT_OBJC_MSGSEND = YES;
				ENABLE_USER_SCRIPT_SANDBOXING = YES;
				GCC_C_LANGUAGE_STANDARD = gnu17;
				GCC_NO_COMMON_BLOCKS = YES;
				GCC_WARN_64_TO_32_BIT_CONVERSION = YES;
				GCC_WARN_ABOUT_RETURN_TYPE = YES_ERROR;
				GCC_WARN_UNDECLARED_SELECTOR = YES;
				GCC_WARN_UNINITIALIZED_AUTOS = YES_AGGRESSIVE;
				GCC_WARN_UNUSED_FUNCTION = YES;
				GCC_WARN_UNUSED_VARIABLE = YES;
				IPHONEOS_DEPLOYMENT_TARGET = 18.5;
				LOCALIZATION_PREFERS_STRING_CATALOGS = YES;
				MTL_ENABLE_DEBUG_INFO = NO;
				MTL_FAST_MATH = YES;
				SDKROOT = iphoneos;
				SWIFT_COMPILATION_MODE = wholemodule;
				VALIDATE_PRODUCT = YES;
			};
			name = Release;
		};
		27BABDE12ECE3129000CA211 /* Debug */ = {
			isa = XCBuildConfiguration;
			buildSettings = {
				BUNDLE_LOADER = "$(TEST_HOST)";
				CODE_SIGN_STYLE = Automatic;
				CURRENT_PROJECT_VERSION = 2;
				DEVELOPMENT_TEAM = HH237576AZ;
				GENERATE_INFOPLIST_FILE = YES;
				IPHONEOS_DEPLOYMENT_TARGET = 18.5;
				MARKETING_VERSION = 1.01;
				PRODUCT_BUNDLE_IDENTIFIER = reasonality.MediaWatchTests;
				PRODUCT_NAME = "$(TARGET_NAME)";
				SWIFT_EMIT_LOC_STRINGS = NO;
				SWIFT_VERSION = 5.0;
				TARGETED_DEVICE_FAMILY = "1,2";
				TEST_HOST = "$(BUILT_PRODUCTS_DIR)/MediaWatch.app/$(BUNDLE_EXECUTABLE_FOLDER_PATH)/MediaWatch";
			};
			name = Debug;
		};
		27BABDE22ECE3129000CA211 /* Release */ = {
			isa = XCBuildConfiguration;
			buildSettings = {
				BUNDLE_LOADER = "$(TEST_HOST)";
				CODE_SIGN_STYLE = Automatic;
				CURRENT_PROJECT_VERSION = 2;
				DEVELOPMENT_TEAM = HH237576AZ;
				GENERATE_INFOPLIST_FILE = YES;
				IPHONEOS_DEPLOYMENT_TARGET = 18.5;
				MARKETING_VERSION = 1.01;
				PRODUCT_BUNDLE_IDENTIFIER = reasonality.MediaWatchTests;
				PRODUCT_NAME = "$(TARGET_NAME)";
				SWIFT_EMIT_LOC_STRINGS = NO;
				SWIFT_VERSION = 5.0;
				TARGETED_DEVICE_FAMILY = "1,2";
				TEST_HOST = "$(BUILT_PRODUCTS_DIR)/MediaWatch.app/$(BUNDLE_EXECUTABLE_FOLDER_PATH)/MediaWatch";
			};
			name = Release;
		};
		27BABDE42ECE3129000CA211 /* Debug */ = {
			isa = XCBuildConfiguration;
			buildSettings = {
				CODE_SIGN_STYLE = Automatic;
				CURRENT_PROJECT_VERSION = 2;
				DEVELOPMENT_TEAM = HH237576AZ;
				GENERATE_INFOPLIST_FILE = YES;
				MARKETING_VERSION = 1.01;
				PRODUCT_BUNDLE_IDENTIFIER = reasonality.MediaWatchUITests;
				PRODUCT_NAME = "$(TARGET_NAME)";
				SWIFT_EMIT_LOC_STRINGS = NO;
				SWIFT_VERSION = 5.0;
				TARGETED_DEVICE_FAMILY = "1,2";
				TEST_TARGET_NAME = MediaWatch;
			};
			name = Debug;
		};
		27BABDE52ECE3129000CA211 /* Release */ = {
			isa = XCBuildConfiguration;
			buildSettings = {
				CODE_SIGN_STYLE = Automatic;
				CURRENT_PROJECT_VERSION = 2;
				DEVELOPMENT_TEAM = HH237576AZ;
				GENERATE_INFOPLIST_FILE = YES;
				MARKETING_VERSION = 1.01;
				PRODUCT_BUNDLE_IDENTIFIER = reasonality.MediaWatchUITests;
				PRODUCT_NAME = "$(TARGET_NAME)";
				SWIFT_EMIT_LOC_STRINGS = NO;
				SWIFT_VERSION = 5.0;
				TARGETED_DEVICE_FAMILY = "1,2";
				TEST_TARGET_NAME = MediaWatch;
			};
			name = Release;
		};
/* End XCBuildConfiguration section */

/* Begin XCConfigurationList section */
		27BABDAF2ECE311E000CA211 /* Build configuration list for PBXProject "MediaWatch" */ = {
			isa = XCConfigurationList;
			buildConfigurations = (
				27BABDDE2ECE3129000CA211 /* Debug */,
				27BABDDF2ECE3129000CA211 /* Release */,
			);
			defaultConfigurationIsVisible = 0;
			defaultConfigurationName = Debug;
		};
		27BABDDB2ECE3129000CA211 /* Build configuration list for PBXNativeTarget "MediaWatch" */ = {
			isa = XCConfigurationList;
			buildConfigurations = (
				27BABDDC2ECE3129000CA211 /* Debug */,
				27BABDDD2ECE3129000CA211 /* Release */,
			);
			defaultConfigurationIsVisible = 0;
			defaultConfigurationName = Debug;
		};
		27BABDE02ECE3129000CA211 /* Build configuration list for PBXNativeTarget "MediaWatchTests" */ = {
			isa = XCConfigurationList;
			buildConfigurations = (
				27BABDE12ECE3129000CA211 /* Debug */,
				27BABDE22ECE3129000CA211 /* Release */,
			);
			defaultConfigurationIsVisible = 0;
			defaultConfigurationName = Debug;
		};
		27BABDE32ECE3129000CA211 /* Build configuration list for PBXNativeTarget "MediaWatchUITests" */ = {
			isa = XCConfigurationList;
			buildConfigurations = (
				27BABDE42ECE3129000CA211 /* Debug */,
				27BABDE52ECE3129000CA211 /* Release */,
			);
			defaultConfigurationIsVisible = 0;
			defaultConfigurationName = Debug;
		};
/* End XCConfigurationList section */
	};
	rootObject = 27BABDAC2ECE311E000CA211 /* Project object */;
}
